// !$*UTF8*$!
{
	archiveVersion = 1;
	classes = {
	};
	objectVersion = 46;
	objects = {

/* Begin PBXBuildFile section */
		8106FD71181A3DA700DBC5E9 /* Foundation.framework in Frameworks */ = {isa = PBXBuildFile; fileRef = 8106FD70181A3DA700DBC5E9 /* Foundation.framework */; };
		8106FD73181A3DA700DBC5E9 /* CoreGraphics.framework in Frameworks */ = {isa = PBXBuildFile; fileRef = 8106FD72181A3DA700DBC5E9 /* CoreGraphics.framework */; };
		8106FD75181A3DA700DBC5E9 /* UIKit.framework in Frameworks */ = {isa = PBXBuildFile; fileRef = 8106FD74181A3DA700DBC5E9 /* UIKit.framework */; };
		8106FD7B181A3DA700DBC5E9 /* InfoPlist.strings in Resources */ = {isa = PBXBuildFile; fileRef = 8106FD79181A3DA700DBC5E9 /* InfoPlist.strings */; };
		8106FD7D181A3DA700DBC5E9 /* main.m in Sources */ = {isa = PBXBuildFile; fileRef = 8106FD7C181A3DA700DBC5E9 /* main.m */; };
		8106FD81181A3DA700DBC5E9 /* PXAppDelegate.m in Sources */ = {isa = PBXBuildFile; fileRef = 8106FD80181A3DA700DBC5E9 /* PXAppDelegate.m */; };
		8106FD83181A3DA700DBC5E9 /* Images.xcassets in Resources */ = {isa = PBXBuildFile; fileRef = 8106FD82181A3DA700DBC5E9 /* Images.xcassets */; };
		8106FD8A181A3DA700DBC5E9 /* XCTest.framework in Frameworks */ = {isa = PBXBuildFile; fileRef = 8106FD89181A3DA700DBC5E9 /* XCTest.framework */; };
		8106FD8B181A3DA700DBC5E9 /* Foundation.framework in Frameworks */ = {isa = PBXBuildFile; fileRef = 8106FD70181A3DA700DBC5E9 /* Foundation.framework */; };
		8106FD8C181A3DA700DBC5E9 /* UIKit.framework in Frameworks */ = {isa = PBXBuildFile; fileRef = 8106FD74181A3DA700DBC5E9 /* UIKit.framework */; };
		8106FD94181A3DA700DBC5E9 /* InfoPlist.strings in Resources */ = {isa = PBXBuildFile; fileRef = 8106FD92181A3DA700DBC5E9 /* InfoPlist.strings */; };
		8106FD96181A3DA700DBC5E9 /* WereWolfTests.m in Sources */ = {isa = PBXBuildFile; fileRef = 8106FD95181A3DA700DBC5E9 /* WereWolfTests.m */; };
		8106FDA2181A459B00DBC5E9 /* PXMianViewController.m in Sources */ = {isa = PBXBuildFile; fileRef = 8106FDA0181A459B00DBC5E9 /* PXMianViewController.m */; };
		8106FDA3181A459B00DBC5E9 /* PXMianViewController.xib in Resources */ = {isa = PBXBuildFile; fileRef = 8106FDA1181A459B00DBC5E9 /* PXMianViewController.xib */; };
		8106FDB3181A46E200DBC5E9 /* mainBG.png in Resources */ = {isa = PBXBuildFile; fileRef = 8106FDAF181A46E200DBC5E9 /* mainBG.png */; };
		8106FDB4181A46E200DBC5E9 /* mianButton1.png in Resources */ = {isa = PBXBuildFile; fileRef = 8106FDB0181A46E200DBC5E9 /* mianButton1.png */; };
		8106FDB5181A46E200DBC5E9 /* mianButton2.png in Resources */ = {isa = PBXBuildFile; fileRef = 8106FDB1181A46E200DBC5E9 /* mianButton2.png */; };
		8106FDB6181A46E200DBC5E9 /* mianButton3.png in Resources */ = {isa = PBXBuildFile; fileRef = 8106FDB2181A46E200DBC5E9 /* mianButton3.png */; };
		8106FDBA181A4C7400DBC5E9 /* PXChooseViewController.m in Sources */ = {isa = PBXBuildFile; fileRef = 8106FDB8181A4C7400DBC5E9 /* PXChooseViewController.m */; };
		8106FDBB181A4C7400DBC5E9 /* PXChooseViewController.xib in Resources */ = {isa = PBXBuildFile; fileRef = 8106FDB9181A4C7400DBC5E9 /* PXChooseViewController.xib */; };
		8106FDCE181A551300DBC5E9 /* choose02m.png in Resources */ = {isa = PBXBuildFile; fileRef = 8106FDBC181A551300DBC5E9 /* choose02m.png */; };
		8106FDCF181A551300DBC5E9 /* choose02q.png in Resources */ = {isa = PBXBuildFile; fileRef = 8106FDBD181A551300DBC5E9 /* choose02q.png */; };
		8106FDD0181A551300DBC5E9 /* choose03m.png in Resources */ = {isa = PBXBuildFile; fileRef = 8106FDBE181A551300DBC5E9 /* choose03m.png */; };
		8106FDD1181A551300DBC5E9 /* choose03q.png in Resources */ = {isa = PBXBuildFile; fileRef = 8106FDBF181A551300DBC5E9 /* choose03q.png */; };
		8106FDD2181A551300DBC5E9 /* choose04m.png in Resources */ = {isa = PBXBuildFile; fileRef = 8106FDC0181A551300DBC5E9 /* choose04m.png */; };
		8106FDD3181A551300DBC5E9 /* choose04q.png in Resources */ = {isa = PBXBuildFile; fileRef = 8106FDC1181A551300DBC5E9 /* choose04q.png */; };
		8106FDD4181A551300DBC5E9 /* choose05m.png in Resources */ = {isa = PBXBuildFile; fileRef = 8106FDC2181A551300DBC5E9 /* choose05m.png */; };
		8106FDD5181A551300DBC5E9 /* choose05q.png in Resources */ = {isa = PBXBuildFile; fileRef = 8106FDC3181A551300DBC5E9 /* choose05q.png */; };
		8106FDD6181A551300DBC5E9 /* choose06m.png in Resources */ = {isa = PBXBuildFile; fileRef = 8106FDC4181A551300DBC5E9 /* choose06m.png */; };
		8106FDD7181A551300DBC5E9 /* choose06q.png in Resources */ = {isa = PBXBuildFile; fileRef = 8106FDC5181A551300DBC5E9 /* choose06q.png */; };
		8106FDD8181A551300DBC5E9 /* chooseAdd.png in Resources */ = {isa = PBXBuildFile; fileRef = 8106FDC6181A551300DBC5E9 /* chooseAdd.png */; };
		8106FDD9181A551300DBC5E9 /* chooseAddS.png in Resources */ = {isa = PBXBuildFile; fileRef = 8106FDC7181A551300DBC5E9 /* chooseAddS.png */; };
		8106FDDA181A551300DBC5E9 /* chooseBG.png in Resources */ = {isa = PBXBuildFile; fileRef = 8106FDC8181A551300DBC5E9 /* chooseBG.png */; };
		8106FDDB181A551300DBC5E9 /* chooseMin.png in Resources */ = {isa = PBXBuildFile; fileRef = 8106FDC9181A551300DBC5E9 /* chooseMin.png */; };
		8106FDDC181A551300DBC5E9 /* chooseMinS.png in Resources */ = {isa = PBXBuildFile; fileRef = 8106FDCA181A551300DBC5E9 /* chooseMinS.png */; };
		8106FDDD181A551300DBC5E9 /* choosePick.png in Resources */ = {isa = PBXBuildFile; fileRef = 8106FDCB181A551300DBC5E9 /* choosePick.png */; };
		8106FDDE181A551300DBC5E9 /* chooseStart.png in Resources */ = {isa = PBXBuildFile; fileRef = 8106FDCC181A551300DBC5E9 /* chooseStart.png */; };
		8106FDDF181A551300DBC5E9 /* chooseStartS.png in Resources */ = {isa = PBXBuildFile; fileRef = 8106FDCD181A551300DBC5E9 /* chooseStartS.png */; };
		8106FDEA181A61A800DBC5E9 /* small0.png in Resources */ = {isa = PBXBuildFile; fileRef = 8106FDE3181A61A800DBC5E9 /* small0.png */; };
		8106FDEC181A61A800DBC5E9 /* small2.png in Resources */ = {isa = PBXBuildFile; fileRef = 8106FDE5181A61A800DBC5E9 /* small2.png */; };
		8106FDED181A61A800DBC5E9 /* small3.png in Resources */ = {isa = PBXBuildFile; fileRef = 8106FDE6181A61A800DBC5E9 /* small3.png */; };
		8106FDEE181A61A800DBC5E9 /* small4.png in Resources */ = {isa = PBXBuildFile; fileRef = 8106FDE7181A61A800DBC5E9 /* small4.png */; };
		8106FDEF181A61A800DBC5E9 /* small5.png in Resources */ = {isa = PBXBuildFile; fileRef = 8106FDE8181A61A800DBC5E9 /* small5.png */; };
		8106FDF0181A61A800DBC5E9 /* small6.png in Resources */ = {isa = PBXBuildFile; fileRef = 8106FDE9181A61A800DBC5E9 /* small6.png */; };
		8106FDF3181A724900DBC5E9 /* small1.png in Resources */ = {isa = PBXBuildFile; fileRef = 8106FDF1181A724900DBC5E9 /* small1.png */; };
		8106FDF4181A724900DBC5E9 /* small7.png in Resources */ = {isa = PBXBuildFile; fileRef = 8106FDF2181A724900DBC5E9 /* small7.png */; };
		8106FDF7181A74A400DBC5E9 /* PXRoleManager.m in Sources */ = {isa = PBXBuildFile; fileRef = 8106FDF6181A74A400DBC5E9 /* PXRoleManager.m */; };
		8106FDFA181A767700DBC5E9 /* choose07q.png in Resources */ = {isa = PBXBuildFile; fileRef = 8106FDF9181A767700DBC5E9 /* choose07q.png */; };
		8106FDFF181A925300DBC5E9 /* PXRole.m in Sources */ = {isa = PBXBuildFile; fileRef = 8106FDFE181A925300DBC5E9 /* PXRole.m */; };
		8106FE02181A9C9400DBC5E9 /* PXPlayersViewController.m in Sources */ = {isa = PBXBuildFile; fileRef = 8106FE01181A9C9400DBC5E9 /* PXPlayersViewController.m */; };
		8106FE04181A9F3B00DBC5E9 /* QuartzCore.framework in Frameworks */ = {isa = PBXBuildFile; fileRef = 8106FE03181A9F3B00DBC5E9 /* QuartzCore.framework */; };
		8106FE0B181AA98600DBC5E9 /* PXStoryViewController.m in Sources */ = {isa = PBXBuildFile; fileRef = 8106FE09181AA98600DBC5E9 /* PXStoryViewController.m */; };
		8106FE0C181AA98600DBC5E9 /* PXStoryViewController.xib in Resources */ = {isa = PBXBuildFile; fileRef = 8106FE0A181AA98600DBC5E9 /* PXStoryViewController.xib */; };
		8106FE13181AAEFC00DBC5E9 /* cupid.gif in Resources */ = {isa = PBXBuildFile; fileRef = 8106FE0E181AAEFC00DBC5E9 /* cupid.gif */; };
		8106FE14181AAEFC00DBC5E9 /* hunter.gif in Resources */ = {isa = PBXBuildFile; fileRef = 8106FE0F181AAEFC00DBC5E9 /* hunter.gif */; };
		8106FE15181AAEFC00DBC5E9 /* raise.gif in Resources */ = {isa = PBXBuildFile; fileRef = 8106FE10181AAEFC00DBC5E9 /* raise.gif */; };
		8106FE16181AAEFC00DBC5E9 /* witch.gif in Resources */ = {isa = PBXBuildFile; fileRef = 8106FE11181AAEFC00DBC5E9 /* witch.gif */; };
		8106FE17181AAEFC00DBC5E9 /* wolf.gif in Resources */ = {isa = PBXBuildFile; fileRef = 8106FE12181AAEFC00DBC5E9 /* wolf.gif */; };
		8106FE1D181AC3F000DBC5E9 /* PXFunctionViewController.m in Sources */ = {isa = PBXBuildFile; fileRef = 8106FE1C181AC3F000DBC5E9 /* PXFunctionViewController.m */; };
		8106FE21181ACA0000DBC5E9 /* CardDetailButton.m in Sources */ = {isa = PBXBuildFile; fileRef = 8106FE1F181ACA0000DBC5E9 /* CardDetailButton.m */; };
		8106FE24181ACD4900DBC5E9 /* cardBack.png in Resources */ = {isa = PBXBuildFile; fileRef = 8106FE22181ACD4900DBC5E9 /* cardBack.png */; };
		8106FE25181ACD4900DBC5E9 /* cardSelect@2x.png in Resources */ = {isa = PBXBuildFile; fileRef = 8106FE23181ACD4900DBC5E9 /* cardSelect@2x.png */; };
		8106FE29181AD69300DBC5E9 /* PXCupidViewController.m in Sources */ = {isa = PBXBuildFile; fileRef = 8106FE28181AD69300DBC5E9 /* PXCupidViewController.m */; };
		8106FE2D181AD92D00DBC5E9 /* ghost.png in Resources */ = {isa = PBXBuildFile; fileRef = 8106FE2A181AD92D00DBC5E9 /* ghost.png */; };
		8106FE2E181AD92D00DBC5E9 /* love.png in Resources */ = {isa = PBXBuildFile; fileRef = 8106FE2B181AD92D00DBC5E9 /* love.png */; };
		8106FE2F181AD92D00DBC5E9 /* shield.png in Resources */ = {isa = PBXBuildFile; fileRef = 8106FE2C181AD92D00DBC5E9 /* shield.png */; };
		8106FE33181ADF9300DBC5E9 /* PXGuardViewController.m in Sources */ = {isa = PBXBuildFile; fileRef = 8106FE32181ADF9300DBC5E9 /* PXGuardViewController.m */; };
		8106FE36181AE0D500DBC5E9 /* PXPredictViewController.m in Sources */ = {isa = PBXBuildFile; fileRef = 8106FE35181AE0D500DBC5E9 /* PXPredictViewController.m */; };
		8106FE39181AE0E500DBC5E9 /* PXWolfViewController.m in Sources */ = {isa = PBXBuildFile; fileRef = 8106FE38181AE0E500DBC5E9 /* PXWolfViewController.m */; };
		8106FE3C181AE0F600DBC5E9 /* PXWitchViewController.m in Sources */ = {isa = PBXBuildFile; fileRef = 8106FE3B181AE0F600DBC5E9 /* PXWitchViewController.m */; };
		8106FE46181B5BBB00DBC5E9 /* big0.png in Resources */ = {isa = PBXBuildFile; fileRef = 8106FE3E181B5BBB00DBC5E9 /* big0.png */; };
		8106FE47181B5BBB00DBC5E9 /* big1.png in Resources */ = {isa = PBXBuildFile; fileRef = 8106FE3F181B5BBB00DBC5E9 /* big1.png */; };
		8106FE48181B5BBB00DBC5E9 /* big2.png in Resources */ = {isa = PBXBuildFile; fileRef = 8106FE40181B5BBB00DBC5E9 /* big2.png */; };
		8106FE49181B5BBB00DBC5E9 /* big3.png in Resources */ = {isa = PBXBuildFile; fileRef = 8106FE41181B5BBB00DBC5E9 /* big3.png */; };
		8106FE4A181B5BBB00DBC5E9 /* big4.png in Resources */ = {isa = PBXBuildFile; fileRef = 8106FE42181B5BBB00DBC5E9 /* big4.png */; };
		8106FE4B181B5BBB00DBC5E9 /* big5.png in Resources */ = {isa = PBXBuildFile; fileRef = 8106FE43181B5BBB00DBC5E9 /* big5.png */; };
		8106FE4C181B5BBB00DBC5E9 /* big6.png in Resources */ = {isa = PBXBuildFile; fileRef = 8106FE44181B5BBB00DBC5E9 /* big6.png */; };
		8106FE4D181B5BBB00DBC5E9 /* big7.png in Resources */ = {isa = PBXBuildFile; fileRef = 8106FE45181B5BBB00DBC5E9 /* big7.png */; };
		DBA6AAF4181B538C00BF9664 /* cardBackName.png in Resources */ = {isa = PBXBuildFile; fileRef = DBA6AAF3181B538C00BF9664 /* cardBackName.png */; };
		DBA6AAFB181B568B00BF9664 /* PXAlertView.m in Sources */ = {isa = PBXBuildFile; fileRef = DBA6AAFA181B568B00BF9664 /* PXAlertView.m */; };
		DBA6AAFE181B56D300BF9664 /* PXDataKeeper.m in Sources */ = {isa = PBXBuildFile; fileRef = DBA6AAFD181B56D300BF9664 /* PXDataKeeper.m */; };
		DBA6AB01181B56F600BF9664 /* PXTextInputViewController.m in Sources */ = {isa = PBXBuildFile; fileRef = DBA6AB00181B56F600BF9664 /* PXTextInputViewController.m */; };
		DBA6AB03181B608C00BF9664 /* 输入框.png in Resources */ = {isa = PBXBuildFile; fileRef = DBA6AB02181B608C00BF9664 /* 输入框.png */; };
/* End PBXBuildFile section */

/* Begin PBXContainerItemProxy section */
		8106FD8D181A3DA700DBC5E9 /* PBXContainerItemProxy */ = {
			isa = PBXContainerItemProxy;
			containerPortal = 8106FD65181A3DA700DBC5E9 /* Project object */;
			proxyType = 1;
			remoteGlobalIDString = 8106FD6C181A3DA700DBC5E9;
			remoteInfo = WereWolf;
		};
/* End PBXContainerItemProxy section */

/* Begin PBXFileReference section */
		8106FD6D181A3DA700DBC5E9 /* WereWolf.app */ = {isa = PBXFileReference; explicitFileType = wrapper.application; includeInIndex = 0; path = WereWolf.app; sourceTree = BUILT_PRODUCTS_DIR; };
		8106FD70181A3DA700DBC5E9 /* Foundation.framework */ = {isa = PBXFileReference; lastKnownFileType = wrapper.framework; name = Foundation.framework; path = System/Library/Frameworks/Foundation.framework; sourceTree = SDKROOT; };
		8106FD72181A3DA700DBC5E9 /* CoreGraphics.framework */ = {isa = PBXFileReference; lastKnownFileType = wrapper.framework; name = CoreGraphics.framework; path = System/Library/Frameworks/CoreGraphics.framework; sourceTree = SDKROOT; };
		8106FD74181A3DA700DBC5E9 /* UIKit.framework */ = {isa = PBXFileReference; lastKnownFileType = wrapper.framework; name = UIKit.framework; path = System/Library/Frameworks/UIKit.framework; sourceTree = SDKROOT; };
		8106FD78181A3DA700DBC5E9 /* WereWolf-Info.plist */ = {isa = PBXFileReference; lastKnownFileType = text.plist.xml; path = "WereWolf-Info.plist"; sourceTree = "<group>"; };
		8106FD7A181A3DA700DBC5E9 /* en */ = {isa = PBXFileReference; lastKnownFileType = text.plist.strings; name = en; path = en.lproj/InfoPlist.strings; sourceTree = "<group>"; };
		8106FD7C181A3DA700DBC5E9 /* main.m */ = {isa = PBXFileReference; lastKnownFileType = sourcecode.c.objc; path = main.m; sourceTree = "<group>"; };
		8106FD7E181A3DA700DBC5E9 /* WereWolf-Prefix.pch */ = {isa = PBXFileReference; lastKnownFileType = sourcecode.c.h; path = "WereWolf-Prefix.pch"; sourceTree = "<group>"; };
		8106FD7F181A3DA700DBC5E9 /* PXAppDelegate.h */ = {isa = PBXFileReference; lastKnownFileType = sourcecode.c.h; path = PXAppDelegate.h; sourceTree = "<group>"; };
		8106FD80181A3DA700DBC5E9 /* PXAppDelegate.m */ = {isa = PBXFileReference; lastKnownFileType = sourcecode.c.objc; path = PXAppDelegate.m; sourceTree = "<group>"; };
		8106FD82181A3DA700DBC5E9 /* Images.xcassets */ = {isa = PBXFileReference; lastKnownFileType = folder.assetcatalog; path = Images.xcassets; sourceTree = "<group>"; };
		8106FD88181A3DA700DBC5E9 /* WereWolfTests.xctest */ = {isa = PBXFileReference; explicitFileType = wrapper.cfbundle; includeInIndex = 0; path = WereWolfTests.xctest; sourceTree = BUILT_PRODUCTS_DIR; };
		8106FD89181A3DA700DBC5E9 /* XCTest.framework */ = {isa = PBXFileReference; lastKnownFileType = wrapper.framework; name = XCTest.framework; path = Library/Frameworks/XCTest.framework; sourceTree = DEVELOPER_DIR; };
		8106FD91181A3DA700DBC5E9 /* WereWolfTests-Info.plist */ = {isa = PBXFileReference; lastKnownFileType = text.plist.xml; path = "WereWolfTests-Info.plist"; sourceTree = "<group>"; };
		8106FD93181A3DA700DBC5E9 /* en */ = {isa = PBXFileReference; lastKnownFileType = text.plist.strings; name = en; path = en.lproj/InfoPlist.strings; sourceTree = "<group>"; };
		8106FD95181A3DA700DBC5E9 /* WereWolfTests.m */ = {isa = PBXFileReference; lastKnownFileType = sourcecode.c.objc; path = WereWolfTests.m; sourceTree = "<group>"; };
		8106FD9F181A459B00DBC5E9 /* PXMianViewController.h */ = {isa = PBXFileReference; fileEncoding = 4; lastKnownFileType = sourcecode.c.h; name = PXMianViewController.h; path = Controller/PXMianViewController.h; sourceTree = "<group>"; };
		8106FDA0181A459B00DBC5E9 /* PXMianViewController.m */ = {isa = PBXFileReference; fileEncoding = 4; lastKnownFileType = sourcecode.c.objc; name = PXMianViewController.m; path = Controller/PXMianViewController.m; sourceTree = "<group>"; };
		8106FDA1181A459B00DBC5E9 /* PXMianViewController.xib */ = {isa = PBXFileReference; fileEncoding = 4; lastKnownFileType = file.xib; name = PXMianViewController.xib; path = Controller/PXMianViewController.xib; sourceTree = "<group>"; };
		8106FDAF181A46E200DBC5E9 /* mainBG.png */ = {isa = PBXFileReference; lastKnownFileType = image.png; path = mainBG.png; sourceTree = "<group>"; };
		8106FDB0181A46E200DBC5E9 /* mianButton1.png */ = {isa = PBXFileReference; lastKnownFileType = image.png; path = mianButton1.png; sourceTree = "<group>"; };
		8106FDB1181A46E200DBC5E9 /* mianButton2.png */ = {isa = PBXFileReference; lastKnownFileType = image.png; path = mianButton2.png; sourceTree = "<group>"; };
		8106FDB2181A46E200DBC5E9 /* mianButton3.png */ = {isa = PBXFileReference; lastKnownFileType = image.png; path = mianButton3.png; sourceTree = "<group>"; };
		8106FDB7181A4C7400DBC5E9 /* PXChooseViewController.h */ = {isa = PBXFileReference; fileEncoding = 4; lastKnownFileType = sourcecode.c.h; name = PXChooseViewController.h; path = Controller/PXChooseViewController.h; sourceTree = "<group>"; };
		8106FDB8181A4C7400DBC5E9 /* PXChooseViewController.m */ = {isa = PBXFileReference; fileEncoding = 4; lastKnownFileType = sourcecode.c.objc; name = PXChooseViewController.m; path = Controller/PXChooseViewController.m; sourceTree = "<group>"; };
		8106FDB9181A4C7400DBC5E9 /* PXChooseViewController.xib */ = {isa = PBXFileReference; fileEncoding = 4; lastKnownFileType = file.xib; name = PXChooseViewController.xib; path = Controller/PXChooseViewController.xib; sourceTree = "<group>"; };
		8106FDBC181A551300DBC5E9 /* choose02m.png */ = {isa = PBXFileReference; lastKnownFileType = image.png; path = choose02m.png; sourceTree = "<group>"; };
		8106FDBD181A551300DBC5E9 /* choose02q.png */ = {isa = PBXFileReference; lastKnownFileType = image.png; path = choose02q.png; sourceTree = "<group>"; };
		8106FDBE181A551300DBC5E9 /* choose03m.png */ = {isa = PBXFileReference; lastKnownFileType = image.png; path = choose03m.png; sourceTree = "<group>"; };
		8106FDBF181A551300DBC5E9 /* choose03q.png */ = {isa = PBXFileReference; lastKnownFileType = image.png; path = choose03q.png; sourceTree = "<group>"; };
		8106FDC0181A551300DBC5E9 /* choose04m.png */ = {isa = PBXFileReference; lastKnownFileType = image.png; path = choose04m.png; sourceTree = "<group>"; };
		8106FDC1181A551300DBC5E9 /* choose04q.png */ = {isa = PBXFileReference; lastKnownFileType = image.png; path = choose04q.png; sourceTree = "<group>"; };
		8106FDC2181A551300DBC5E9 /* choose05m.png */ = {isa = PBXFileReference; lastKnownFileType = image.png; path = choose05m.png; sourceTree = "<group>"; };
		8106FDC3181A551300DBC5E9 /* choose05q.png */ = {isa = PBXFileReference; lastKnownFileType = image.png; path = choose05q.png; sourceTree = "<group>"; };
		8106FDC4181A551300DBC5E9 /* choose06m.png */ = {isa = PBXFileReference; lastKnownFileType = image.png; path = choose06m.png; sourceTree = "<group>"; };
		8106FDC5181A551300DBC5E9 /* choose06q.png */ = {isa = PBXFileReference; lastKnownFileType = image.png; path = choose06q.png; sourceTree = "<group>"; };
		8106FDC6181A551300DBC5E9 /* chooseAdd.png */ = {isa = PBXFileReference; lastKnownFileType = image.png; path = chooseAdd.png; sourceTree = "<group>"; };
		8106FDC7181A551300DBC5E9 /* chooseAddS.png */ = {isa = PBXFileReference; lastKnownFileType = image.png; path = chooseAddS.png; sourceTree = "<group>"; };
		8106FDC8181A551300DBC5E9 /* chooseBG.png */ = {isa = PBXFileReference; lastKnownFileType = image.png; path = chooseBG.png; sourceTree = "<group>"; };
		8106FDC9181A551300DBC5E9 /* chooseMin.png */ = {isa = PBXFileReference; lastKnownFileType = image.png; path = chooseMin.png; sourceTree = "<group>"; };
		8106FDCA181A551300DBC5E9 /* chooseMinS.png */ = {isa = PBXFileReference; lastKnownFileType = image.png; path = chooseMinS.png; sourceTree = "<group>"; };
		8106FDCB181A551300DBC5E9 /* choosePick.png */ = {isa = PBXFileReference; lastKnownFileType = image.png; path = choosePick.png; sourceTree = "<group>"; };
		8106FDCC181A551300DBC5E9 /* chooseStart.png */ = {isa = PBXFileReference; lastKnownFileType = image.png; path = chooseStart.png; sourceTree = "<group>"; };
		8106FDCD181A551300DBC5E9 /* chooseStartS.png */ = {isa = PBXFileReference; lastKnownFileType = image.png; path = chooseStartS.png; sourceTree = "<group>"; };
		8106FDE3181A61A800DBC5E9 /* small0.png */ = {isa = PBXFileReference; lastKnownFileType = image.png; path = small0.png; sourceTree = "<group>"; };
		8106FDE5181A61A800DBC5E9 /* small2.png */ = {isa = PBXFileReference; lastKnownFileType = image.png; path = small2.png; sourceTree = "<group>"; };
		8106FDE6181A61A800DBC5E9 /* small3.png */ = {isa = PBXFileReference; lastKnownFileType = image.png; path = small3.png; sourceTree = "<group>"; };
		8106FDE7181A61A800DBC5E9 /* small4.png */ = {isa = PBXFileReference; lastKnownFileType = image.png; path = small4.png; sourceTree = "<group>"; };
		8106FDE8181A61A800DBC5E9 /* small5.png */ = {isa = PBXFileReference; lastKnownFileType = image.png; path = small5.png; sourceTree = "<group>"; };
		8106FDE9181A61A800DBC5E9 /* small6.png */ = {isa = PBXFileReference; lastKnownFileType = image.png; path = small6.png; sourceTree = "<group>"; };
		8106FDF1181A724900DBC5E9 /* small1.png */ = {isa = PBXFileReference; lastKnownFileType = image.png; path = small1.png; sourceTree = "<group>"; };
		8106FDF2181A724900DBC5E9 /* small7.png */ = {isa = PBXFileReference; lastKnownFileType = image.png; path = small7.png; sourceTree = "<group>"; };
		8106FDF5181A74A400DBC5E9 /* PXRoleManager.h */ = {isa = PBXFileReference; fileEncoding = 4; lastKnownFileType = sourcecode.c.h; path = PXRoleManager.h; sourceTree = "<group>"; };
		8106FDF6181A74A400DBC5E9 /* PXRoleManager.m */ = {isa = PBXFileReference; fileEncoding = 4; lastKnownFileType = sourcecode.c.objc; path = PXRoleManager.m; sourceTree = "<group>"; };
		8106FDF9181A767700DBC5E9 /* choose07q.png */ = {isa = PBXFileReference; lastKnownFileType = image.png; path = choose07q.png; sourceTree = "<group>"; };
		8106FDFD181A925300DBC5E9 /* PXRole.h */ = {isa = PBXFileReference; fileEncoding = 4; lastKnownFileType = sourcecode.c.h; path = PXRole.h; sourceTree = "<group>"; };
		8106FDFE181A925300DBC5E9 /* PXRole.m */ = {isa = PBXFileReference; fileEncoding = 4; lastKnownFileType = sourcecode.c.objc; path = PXRole.m; sourceTree = "<group>"; };
		8106FE00181A9C9400DBC5E9 /* PXPlayersViewController.h */ = {isa = PBXFileReference; fileEncoding = 4; lastKnownFileType = sourcecode.c.h; path = PXPlayersViewController.h; sourceTree = "<group>"; };
		8106FE01181A9C9400DBC5E9 /* PXPlayersViewController.m */ = {isa = PBXFileReference; fileEncoding = 4; lastKnownFileType = sourcecode.c.objc; path = PXPlayersViewController.m; sourceTree = "<group>"; };
		8106FE03181A9F3B00DBC5E9 /* QuartzCore.framework */ = {isa = PBXFileReference; lastKnownFileType = wrapper.framework; name = QuartzCore.framework; path = System/Library/Frameworks/QuartzCore.framework; sourceTree = SDKROOT; };
		8106FE08181AA98600DBC5E9 /* PXStoryViewController.h */ = {isa = PBXFileReference; fileEncoding = 4; lastKnownFileType = sourcecode.c.h; path = PXStoryViewController.h; sourceTree = "<group>"; };
		8106FE09181AA98600DBC5E9 /* PXStoryViewController.m */ = {isa = PBXFileReference; fileEncoding = 4; lastKnownFileType = sourcecode.c.objc; path = PXStoryViewController.m; sourceTree = "<group>"; };
		8106FE0A181AA98600DBC5E9 /* PXStoryViewController.xib */ = {isa = PBXFileReference; fileEncoding = 4; lastKnownFileType = file.xib; path = PXStoryViewController.xib; sourceTree = "<group>"; };
		8106FE0E181AAEFC00DBC5E9 /* cupid.gif */ = {isa = PBXFileReference; lastKnownFileType = image.gif; path = cupid.gif; sourceTree = "<group>"; };
		8106FE0F181AAEFC00DBC5E9 /* hunter.gif */ = {isa = PBXFileReference; lastKnownFileType = image.gif; path = hunter.gif; sourceTree = "<group>"; };
		8106FE10181AAEFC00DBC5E9 /* raise.gif */ = {isa = PBXFileReference; lastKnownFileType = image.gif; path = raise.gif; sourceTree = "<group>"; };
		8106FE11181AAEFC00DBC5E9 /* witch.gif */ = {isa = PBXFileReference; lastKnownFileType = image.gif; path = witch.gif; sourceTree = "<group>"; };
		8106FE12181AAEFC00DBC5E9 /* wolf.gif */ = {isa = PBXFileReference; lastKnownFileType = image.gif; path = wolf.gif; sourceTree = "<group>"; };
		8106FE1B181AC3F000DBC5E9 /* PXFunctionViewController.h */ = {isa = PBXFileReference; fileEncoding = 4; lastKnownFileType = sourcecode.c.h; path = PXFunctionViewController.h; sourceTree = "<group>"; };
		8106FE1C181AC3F000DBC5E9 /* PXFunctionViewController.m */ = {isa = PBXFileReference; fileEncoding = 4; lastKnownFileType = sourcecode.c.objc; path = PXFunctionViewController.m; sourceTree = "<group>"; };
		8106FE1F181ACA0000DBC5E9 /* CardDetailButton.m */ = {isa = PBXFileReference; fileEncoding = 4; lastKnownFileType = sourcecode.c.objc; path = CardDetailButton.m; sourceTree = "<group>"; };
		8106FE20181ACA0000DBC5E9 /* CardDetailButton.h */ = {isa = PBXFileReference; fileEncoding = 4; lastKnownFileType = sourcecode.c.h; path = CardDetailButton.h; sourceTree = "<group>"; };
		8106FE22181ACD4900DBC5E9 /* cardBack.png */ = {isa = PBXFileReference; lastKnownFileType = image.png; path = cardBack.png; sourceTree = "<group>"; };
		8106FE23181ACD4900DBC5E9 /* cardSelect@2x.png */ = {isa = PBXFileReference; lastKnownFileType = image.png; path = "cardSelect@2x.png"; sourceTree = "<group>"; };
		8106FE27181AD69300DBC5E9 /* PXCupidViewController.h */ = {isa = PBXFileReference; fileEncoding = 4; lastKnownFileType = sourcecode.c.h; path = PXCupidViewController.h; sourceTree = "<group>"; };
		8106FE28181AD69300DBC5E9 /* PXCupidViewController.m */ = {isa = PBXFileReference; fileEncoding = 4; lastKnownFileType = sourcecode.c.objc; path = PXCupidViewController.m; sourceTree = "<group>"; };
		8106FE2A181AD92D00DBC5E9 /* ghost.png */ = {isa = PBXFileReference; lastKnownFileType = image.png; path = ghost.png; sourceTree = "<group>"; };
		8106FE2B181AD92D00DBC5E9 /* love.png */ = {isa = PBXFileReference; lastKnownFileType = image.png; path = love.png; sourceTree = "<group>"; };
		8106FE2C181AD92D00DBC5E9 /* shield.png */ = {isa = PBXFileReference; lastKnownFileType = image.png; path = shield.png; sourceTree = "<group>"; };
		8106FE31181ADF9300DBC5E9 /* PXGuardViewController.h */ = {isa = PBXFileReference; fileEncoding = 4; lastKnownFileType = sourcecode.c.h; path = PXGuardViewController.h; sourceTree = "<group>"; };
		8106FE32181ADF9300DBC5E9 /* PXGuardViewController.m */ = {isa = PBXFileReference; fileEncoding = 4; lastKnownFileType = sourcecode.c.objc; path = PXGuardViewController.m; sourceTree = "<group>"; };
		8106FE34181AE0D500DBC5E9 /* PXPredictViewController.h */ = {isa = PBXFileReference; fileEncoding = 4; lastKnownFileType = sourcecode.c.h; path = PXPredictViewController.h; sourceTree = "<group>"; };
		8106FE35181AE0D500DBC5E9 /* PXPredictViewController.m */ = {isa = PBXFileReference; fileEncoding = 4; lastKnownFileType = sourcecode.c.objc; path = PXPredictViewController.m; sourceTree = "<group>"; };
		8106FE37181AE0E500DBC5E9 /* PXWolfViewController.h */ = {isa = PBXFileReference; fileEncoding = 4; lastKnownFileType = sourcecode.c.h; path = PXWolfViewController.h; sourceTree = "<group>"; };
		8106FE38181AE0E500DBC5E9 /* PXWolfViewController.m */ = {isa = PBXFileReference; fileEncoding = 4; lastKnownFileType = sourcecode.c.objc; path = PXWolfViewController.m; sourceTree = "<group>"; };
		8106FE3A181AE0F600DBC5E9 /* PXWitchViewController.h */ = {isa = PBXFileReference; fileEncoding = 4; lastKnownFileType = sourcecode.c.h; path = PXWitchViewController.h; sourceTree = "<group>"; };
		8106FE3B181AE0F600DBC5E9 /* PXWitchViewController.m */ = {isa = PBXFileReference; fileEncoding = 4; lastKnownFileType = sourcecode.c.objc; path = PXWitchViewController.m; sourceTree = "<group>"; };
		8106FE3E181B5BBB00DBC5E9 /* big0.png */ = {isa = PBXFileReference; lastKnownFileType = image.png; path = big0.png; sourceTree = "<group>"; };
		8106FE3F181B5BBB00DBC5E9 /* big1.png */ = {isa = PBXFileReference; lastKnownFileType = image.png; path = big1.png; sourceTree = "<group>"; };
		8106FE40181B5BBB00DBC5E9 /* big2.png */ = {isa = PBXFileReference; lastKnownFileType = image.png; path = big2.png; sourceTree = "<group>"; };
		8106FE41181B5BBB00DBC5E9 /* big3.png */ = {isa = PBXFileReference; lastKnownFileType = image.png; path = big3.png; sourceTree = "<group>"; };
		8106FE42181B5BBB00DBC5E9 /* big4.png */ = {isa = PBXFileReference; lastKnownFileType = image.png; path = big4.png; sourceTree = "<group>"; };
		8106FE43181B5BBB00DBC5E9 /* big5.png */ = {isa = PBXFileReference; lastKnownFileType = image.png; path = big5.png; sourceTree = "<group>"; };
		8106FE44181B5BBB00DBC5E9 /* big6.png */ = {isa = PBXFileReference; lastKnownFileType = image.png; path = big6.png; sourceTree = "<group>"; };
		8106FE45181B5BBB00DBC5E9 /* big7.png */ = {isa = PBXFileReference; lastKnownFileType = image.png; path = big7.png; sourceTree = "<group>"; };
		DBA6AAF3181B538C00BF9664 /* cardBackName.png */ = {isa = PBXFileReference; lastKnownFileType = image.png; path = cardBackName.png; sourceTree = "<group>"; };
		DBA6AAF9181B568B00BF9664 /* PXAlertView.h */ = {isa = PBXFileReference; fileEncoding = 4; lastKnownFileType = sourcecode.c.h; path = PXAlertView.h; sourceTree = "<group>"; };
		DBA6AAFA181B568B00BF9664 /* PXAlertView.m */ = {isa = PBXFileReference; fileEncoding = 4; lastKnownFileType = sourcecode.c.objc; path = PXAlertView.m; sourceTree = "<group>"; };
		DBA6AAFC181B56D300BF9664 /* PXDataKeeper.h */ = {isa = PBXFileReference; fileEncoding = 4; lastKnownFileType = sourcecode.c.h; path = PXDataKeeper.h; sourceTree = "<group>"; };
		DBA6AAFD181B56D300BF9664 /* PXDataKeeper.m */ = {isa = PBXFileReference; fileEncoding = 4; lastKnownFileType = sourcecode.c.objc; path = PXDataKeeper.m; sourceTree = "<group>"; };
		DBA6AAFF181B56F600BF9664 /* PXTextInputViewController.h */ = {isa = PBXFileReference; fileEncoding = 4; lastKnownFileType = sourcecode.c.h; path = PXTextInputViewController.h; sourceTree = "<group>"; };
		DBA6AB00181B56F600BF9664 /* PXTextInputViewController.m */ = {isa = PBXFileReference; fileEncoding = 4; lastKnownFileType = sourcecode.c.objc; path = PXTextInputViewController.m; sourceTree = "<group>"; };
		DBA6AB02181B608C00BF9664 /* 输入框.png */ = {isa = PBXFileReference; lastKnownFileType = image.png; path = "输入框.png"; sourceTree = "<group>"; };
/* End PBXFileReference section */

/* Begin PBXFrameworksBuildPhase section */
		8106FD6A181A3DA700DBC5E9 /* Frameworks */ = {
			isa = PBXFrameworksBuildPhase;
			buildActionMask = 2147483647;
			files = (
				8106FE04181A9F3B00DBC5E9 /* QuartzCore.framework in Frameworks */,
				8106FD73181A3DA700DBC5E9 /* CoreGraphics.framework in Frameworks */,
				8106FD75181A3DA700DBC5E9 /* UIKit.framework in Frameworks */,
				8106FD71181A3DA700DBC5E9 /* Foundation.framework in Frameworks */,
			);
			runOnlyForDeploymentPostprocessing = 0;
		};
		8106FD85181A3DA700DBC5E9 /* Frameworks */ = {
			isa = PBXFrameworksBuildPhase;
			buildActionMask = 2147483647;
			files = (
				8106FD8A181A3DA700DBC5E9 /* XCTest.framework in Frameworks */,
				8106FD8C181A3DA700DBC5E9 /* UIKit.framework in Frameworks */,
				8106FD8B181A3DA700DBC5E9 /* Foundation.framework in Frameworks */,
			);
			runOnlyForDeploymentPostprocessing = 0;
		};
/* End PBXFrameworksBuildPhase section */

/* Begin PBXGroup section */
		8106FD64181A3DA700DBC5E9 = {
			isa = PBXGroup;
			children = (
				8106FD76181A3DA700DBC5E9 /* WereWolf */,
				8106FD8F181A3DA700DBC5E9 /* WereWolfTests */,
				8106FD6F181A3DA700DBC5E9 /* Frameworks */,
				8106FD6E181A3DA700DBC5E9 /* Products */,
			);
			sourceTree = "<group>";
		};
		8106FD6E181A3DA700DBC5E9 /* Products */ = {
			isa = PBXGroup;
			children = (
				8106FD6D181A3DA700DBC5E9 /* WereWolf.app */,
				8106FD88181A3DA700DBC5E9 /* WereWolfTests.xctest */,
			);
			name = Products;
			sourceTree = "<group>";
		};
		8106FD6F181A3DA700DBC5E9 /* Frameworks */ = {
			isa = PBXGroup;
			children = (
				8106FE03181A9F3B00DBC5E9 /* QuartzCore.framework */,
				8106FD70181A3DA700DBC5E9 /* Foundation.framework */,
				8106FD72181A3DA700DBC5E9 /* CoreGraphics.framework */,
				8106FD74181A3DA700DBC5E9 /* UIKit.framework */,
				8106FD89181A3DA700DBC5E9 /* XCTest.framework */,
			);
			name = Frameworks;
			sourceTree = "<group>";
		};
		8106FD76181A3DA700DBC5E9 /* WereWolf */ = {
			isa = PBXGroup;
			children = (
				8106FD7F181A3DA700DBC5E9 /* PXAppDelegate.h */,
				8106FD80181A3DA700DBC5E9 /* PXAppDelegate.m */,
				8106FDF8181A74AD00DBC5E9 /* Model */,
				8106FDA4181A462C00DBC5E9 /* Controller */,
				8106FE1E181AC63900DBC5E9 /* View */,
				DBA6AAF5181B55D900BF9664 /* Vendor */,
				8106FDA5181A464500DBC5E9 /* Resource */,
				8106FD82181A3DA700DBC5E9 /* Images.xcassets */,
				8106FD77181A3DA700DBC5E9 /* Supporting Files */,
			);
			path = WereWolf;
			sourceTree = "<group>";
		};
		8106FD77181A3DA700DBC5E9 /* Supporting Files */ = {
			isa = PBXGroup;
			children = (
				8106FD78181A3DA700DBC5E9 /* WereWolf-Info.plist */,
				8106FD79181A3DA700DBC5E9 /* InfoPlist.strings */,
				8106FD7C181A3DA700DBC5E9 /* main.m */,
				8106FD7E181A3DA700DBC5E9 /* WereWolf-Prefix.pch */,
			);
			name = "Supporting Files";
			sourceTree = "<group>";
		};
		8106FD8F181A3DA700DBC5E9 /* WereWolfTests */ = {
			isa = PBXGroup;
			children = (
				8106FD95181A3DA700DBC5E9 /* WereWolfTests.m */,
				8106FD90181A3DA700DBC5E9 /* Supporting Files */,
			);
			path = WereWolfTests;
			sourceTree = "<group>";
		};
		8106FD90181A3DA700DBC5E9 /* Supporting Files */ = {
			isa = PBXGroup;
			children = (
				8106FD91181A3DA700DBC5E9 /* WereWolfTests-Info.plist */,
				8106FD92181A3DA700DBC5E9 /* InfoPlist.strings */,
			);
			name = "Supporting Files";
			sourceTree = "<group>";
		};
		8106FDA4181A462C00DBC5E9 /* Controller */ = {
			isa = PBXGroup;
			children = (
				8106FE26181AD3A000DBC5E9 /* Function */,
				8106FD9F181A459B00DBC5E9 /* PXMianViewController.h */,
				8106FDA0181A459B00DBC5E9 /* PXMianViewController.m */,
				8106FDB7181A4C7400DBC5E9 /* PXChooseViewController.h */,
				8106FDB8181A4C7400DBC5E9 /* PXChooseViewController.m */,
				8106FE00181A9C9400DBC5E9 /* PXPlayersViewController.h */,
				8106FE01181A9C9400DBC5E9 /* PXPlayersViewController.m */,
				8106FE08181AA98600DBC5E9 /* PXStoryViewController.h */,
				8106FE09181AA98600DBC5E9 /* PXStoryViewController.m */,
			);
			name = Controller;
			sourceTree = "<group>";
		};
		8106FDA5181A464500DBC5E9 /* Resource */ = {
			isa = PBXGroup;
			children = (
				8106FE0D181AAEC800DBC5E9 /* GIF */,
				8106FDA6181A466B00DBC5E9 /* Image */,
			);
			name = Resource;
			sourceTree = "<group>";
		};
		8106FDA6181A466B00DBC5E9 /* Image */ = {
			isa = PBXGroup;
			children = (
				DBA6AB02181B608C00BF9664 /* 输入框.png */,
				8106FE3D181B5B1C00DBC5E9 /* bigCard */,
				8106FE30181AD93100DBC5E9 /* function */,
				8106FDE2181A605300DBC5E9 /* smallCard */,
				8106FDE1181A552600DBC5E9 /* mainVC */,
				8106FDE0181A551600DBC5E9 /* chooseVC */,
			);
			name = Image;
			sourceTree = "<group>";
		};
		8106FDE0181A551600DBC5E9 /* chooseVC */ = {
			isa = PBXGroup;
			children = (
				8106FDBC181A551300DBC5E9 /* choose02m.png */,
				8106FDBD181A551300DBC5E9 /* choose02q.png */,
				8106FDBE181A551300DBC5E9 /* choose03m.png */,
				8106FDBF181A551300DBC5E9 /* choose03q.png */,
				8106FDC0181A551300DBC5E9 /* choose04m.png */,
				8106FDC1181A551300DBC5E9 /* choose04q.png */,
				8106FDC2181A551300DBC5E9 /* choose05m.png */,
				8106FDC3181A551300DBC5E9 /* choose05q.png */,
				8106FDC4181A551300DBC5E9 /* choose06m.png */,
				8106FDC5181A551300DBC5E9 /* choose06q.png */,
				8106FDF9181A767700DBC5E9 /* choose07q.png */,
				8106FDC6181A551300DBC5E9 /* chooseAdd.png */,
				8106FDC7181A551300DBC5E9 /* chooseAddS.png */,
				8106FDC8181A551300DBC5E9 /* chooseBG.png */,
				8106FDC9181A551300DBC5E9 /* chooseMin.png */,
				8106FDCA181A551300DBC5E9 /* chooseMinS.png */,
				8106FDCB181A551300DBC5E9 /* choosePick.png */,
				8106FDCC181A551300DBC5E9 /* chooseStart.png */,
				8106FDCD181A551300DBC5E9 /* chooseStartS.png */,
			);
			name = chooseVC;
			sourceTree = "<group>";
		};
		8106FDE1181A552600DBC5E9 /* mainVC */ = {
			isa = PBXGroup;
			children = (
				8106FDAF181A46E200DBC5E9 /* mainBG.png */,
				8106FDB0181A46E200DBC5E9 /* mianButton1.png */,
				8106FDB1181A46E200DBC5E9 /* mianButton2.png */,
				8106FDB2181A46E200DBC5E9 /* mianButton3.png */,
			);
			name = mainVC;
			sourceTree = "<group>";
		};
		8106FDE2181A605300DBC5E9 /* smallCard */ = {
			isa = PBXGroup;
			children = (
				DBA6AAF3181B538C00BF9664 /* cardBackName.png */,
				8106FDE3181A61A800DBC5E9 /* small0.png */,
				8106FDF1181A724900DBC5E9 /* small1.png */,
				8106FDF2181A724900DBC5E9 /* small7.png */,
				8106FDE5181A61A800DBC5E9 /* small2.png */,
				8106FDE6181A61A800DBC5E9 /* small3.png */,
				8106FDE7181A61A800DBC5E9 /* small4.png */,
				8106FDE8181A61A800DBC5E9 /* small5.png */,
				8106FDE9181A61A800DBC5E9 /* small6.png */,
			);
			name = smallCard;
			sourceTree = "<group>";
		};
		8106FDF8181A74AD00DBC5E9 /* Model */ = {
			isa = PBXGroup;
			children = (
				8106FDF5181A74A400DBC5E9 /* PXRoleManager.h */,
				8106FDF6181A74A400DBC5E9 /* PXRoleManager.m */,
				8106FDFD181A925300DBC5E9 /* PXRole.h */,
				8106FDFE181A925300DBC5E9 /* PXRole.m */,
			);
			name = Model;
			sourceTree = "<group>";
		};
		8106FE0D181AAEC800DBC5E9 /* GIF */ = {
			isa = PBXGroup;
			children = (
				8106FE0E181AAEFC00DBC5E9 /* cupid.gif */,
				8106FE0F181AAEFC00DBC5E9 /* hunter.gif */,
				8106FE10181AAEFC00DBC5E9 /* raise.gif */,
				8106FE11181AAEFC00DBC5E9 /* witch.gif */,
				8106FE12181AAEFC00DBC5E9 /* wolf.gif */,
			);
			name = GIF;
			sourceTree = "<group>";
		};
		8106FE1E181AC63900DBC5E9 /* View */ = {
			isa = PBXGroup;
			children = (
				8106FE20181ACA0000DBC5E9 /* CardDetailButton.h */,
				8106FE1F181ACA0000DBC5E9 /* CardDetailButton.m */,
				8106FDA1181A459B00DBC5E9 /* PXMianViewController.xib */,
				8106FDB9181A4C7400DBC5E9 /* PXChooseViewController.xib */,
				8106FE0A181AA98600DBC5E9 /* PXStoryViewController.xib */,
			);
			name = View;
			sourceTree = "<group>";
		};
		8106FE26181AD3A000DBC5E9 /* Function */ = {
			isa = PBXGroup;
			children = (
				8106FE1B181AC3F000DBC5E9 /* PXFunctionViewController.h */,
				8106FE1C181AC3F000DBC5E9 /* PXFunctionViewController.m */,
				8106FE27181AD69300DBC5E9 /* PXCupidViewController.h */,
				8106FE28181AD69300DBC5E9 /* PXCupidViewController.m */,
				8106FE31181ADF9300DBC5E9 /* PXGuardViewController.h */,
				8106FE32181ADF9300DBC5E9 /* PXGuardViewController.m */,
				8106FE34181AE0D500DBC5E9 /* PXPredictViewController.h */,
				8106FE35181AE0D500DBC5E9 /* PXPredictViewController.m */,
				8106FE37181AE0E500DBC5E9 /* PXWolfViewController.h */,
				8106FE38181AE0E500DBC5E9 /* PXWolfViewController.m */,
				8106FE3A181AE0F600DBC5E9 /* PXWitchViewController.h */,
				8106FE3B181AE0F600DBC5E9 /* PXWitchViewController.m */,
			);
			name = Function;
			sourceTree = "<group>";
		};
		8106FE30181AD93100DBC5E9 /* function */ = {
			isa = PBXGroup;
			children = (
				8106FE22181ACD4900DBC5E9 /* cardBack.png */,
				8106FE23181ACD4900DBC5E9 /* cardSelect@2x.png */,
				8106FE2A181AD92D00DBC5E9 /* ghost.png */,
				8106FE2B181AD92D00DBC5E9 /* love.png */,
				8106FE2C181AD92D00DBC5E9 /* shield.png */,
			);
			name = function;
			sourceTree = "<group>";
		};
		8106FE3D181B5B1C00DBC5E9 /* bigCard */ = {
			isa = PBXGroup;
			children = (
				8106FE3E181B5BBB00DBC5E9 /* big0.png */,
				8106FE3F181B5BBB00DBC5E9 /* big1.png */,
				8106FE40181B5BBB00DBC5E9 /* big2.png */,
				8106FE41181B5BBB00DBC5E9 /* big3.png */,
				8106FE42181B5BBB00DBC5E9 /* big4.png */,
				8106FE43181B5BBB00DBC5E9 /* big5.png */,
				8106FE44181B5BBB00DBC5E9 /* big6.png */,
				8106FE45181B5BBB00DBC5E9 /* big7.png */,
			);
			name = bigCard;
			sourceTree = "<group>";
		};
		DBA6AAF5181B55D900BF9664 /* Vendor */ = {
			isa = PBXGroup;
			children = (
				DBA6AAFF181B56F600BF9664 /* PXTextInputViewController.h */,
				DBA6AB00181B56F600BF9664 /* PXTextInputViewController.m */,
				DBA6AAFC181B56D300BF9664 /* PXDataKeeper.h */,
				DBA6AAFD181B56D300BF9664 /* PXDataKeeper.m */,
				DBA6AAF9181B568B00BF9664 /* PXAlertView.h */,
				DBA6AAFA181B568B00BF9664 /* PXAlertView.m */,
			);
			name = Vendor;
			sourceTree = "<group>";
		};
/* End PBXGroup section */

/* Begin PBXNativeTarget section */
		8106FD6C181A3DA700DBC5E9 /* WereWolf */ = {
			isa = PBXNativeTarget;
			buildConfigurationList = 8106FD99181A3DA700DBC5E9 /* Build configuration list for PBXNativeTarget "WereWolf" */;
			buildPhases = (
				8106FD69181A3DA700DBC5E9 /* Sources */,
				8106FD6A181A3DA700DBC5E9 /* Frameworks */,
				8106FD6B181A3DA700DBC5E9 /* Resources */,
			);
			buildRules = (
			);
			dependencies = (
			);
			name = WereWolf;
			productName = WereWolf;
			productReference = 8106FD6D181A3DA700DBC5E9 /* WereWolf.app */;
			productType = "com.apple.product-type.application";
		};
		8106FD87181A3DA700DBC5E9 /* WereWolfTests */ = {
			isa = PBXNativeTarget;
			buildConfigurationList = 8106FD9C181A3DA700DBC5E9 /* Build configuration list for PBXNativeTarget "WereWolfTests" */;
			buildPhases = (
				8106FD84181A3DA700DBC5E9 /* Sources */,
				8106FD85181A3DA700DBC5E9 /* Frameworks */,
				8106FD86181A3DA700DBC5E9 /* Resources */,
			);
			buildRules = (
			);
			dependencies = (
				8106FD8E181A3DA700DBC5E9 /* PBXTargetDependency */,
			);
			name = WereWolfTests;
			productName = WereWolfTests;
			productReference = 8106FD88181A3DA700DBC5E9 /* WereWolfTests.xctest */;
			productType = "com.apple.product-type.bundle.unit-test";
		};
/* End PBXNativeTarget section */

/* Begin PBXProject section */
		8106FD65181A3DA700DBC5E9 /* Project object */ = {
			isa = PBXProject;
			attributes = {
				CLASSPREFIX = PX;
				LastUpgradeCheck = 0500;
				ORGANIZATIONNAME = "朱泌丞";
				TargetAttributes = {
					8106FD87181A3DA700DBC5E9 = {
						TestTargetID = 8106FD6C181A3DA700DBC5E9;
					};
				};
			};
			buildConfigurationList = 8106FD68181A3DA700DBC5E9 /* Build configuration list for PBXProject "WereWolf" */;
			compatibilityVersion = "Xcode 3.2";
			developmentRegion = English;
			hasScannedForEncodings = 0;
			knownRegions = (
				en,
			);
			mainGroup = 8106FD64181A3DA700DBC5E9;
			productRefGroup = 8106FD6E181A3DA700DBC5E9 /* Products */;
			projectDirPath = "";
			projectRoot = "";
			targets = (
				8106FD6C181A3DA700DBC5E9 /* WereWolf */,
				8106FD87181A3DA700DBC5E9 /* WereWolfTests */,
			);
		};
/* End PBXProject section */

/* Begin PBXResourcesBuildPhase section */
		8106FD6B181A3DA700DBC5E9 /* Resources */ = {
			isa = PBXResourcesBuildPhase;
			buildActionMask = 2147483647;
			files = (
				8106FDD1181A551300DBC5E9 /* choose03q.png in Resources */,
				8106FDD8181A551300DBC5E9 /* chooseAdd.png in Resources */,
				8106FDD2181A551300DBC5E9 /* choose04m.png in Resources */,
				8106FDB4181A46E200DBC5E9 /* mianButton1.png in Resources */,
				8106FDD3181A551300DBC5E9 /* choose04q.png in Resources */,
				8106FE4A181B5BBB00DBC5E9 /* big4.png in Resources */,
				8106FDDE181A551300DBC5E9 /* chooseStart.png in Resources */,
				8106FDD6181A551300DBC5E9 /* choose06m.png in Resources */,
				8106FDF4181A724900DBC5E9 /* small7.png in Resources */,
				8106FDDC181A551300DBC5E9 /* chooseMinS.png in Resources */,
				8106FE2D181AD92D00DBC5E9 /* ghost.png in Resources */,
				8106FE17181AAEFC00DBC5E9 /* wolf.gif in Resources */,
				8106FE2E181AD92D00DBC5E9 /* love.png in Resources */,
				8106FDDA181A551300DBC5E9 /* chooseBG.png in Resources */,
				DBA6AAF4181B538C00BF9664 /* cardBackName.png in Resources */,
				8106FDF3181A724900DBC5E9 /* small1.png in Resources */,
				8106FE47181B5BBB00DBC5E9 /* big1.png in Resources */,
				8106FDD0181A551300DBC5E9 /* choose03m.png in Resources */,
				8106FE16181AAEFC00DBC5E9 /* witch.gif in Resources */,
				8106FDDD181A551300DBC5E9 /* choosePick.png in Resources */,
				8106FDEF181A61A800DBC5E9 /* small5.png in Resources */,
				8106FDCF181A551300DBC5E9 /* choose02q.png in Resources */,
				8106FDD5181A551300DBC5E9 /* choose05q.png in Resources */,
				8106FDFA181A767700DBC5E9 /* choose07q.png in Resources */,
				8106FD7B181A3DA700DBC5E9 /* InfoPlist.strings in Resources */,
				8106FE2F181AD92D00DBC5E9 /* shield.png in Resources */,
				8106FDD7181A551300DBC5E9 /* choose06q.png in Resources */,
				8106FDDF181A551300DBC5E9 /* chooseStartS.png in Resources */,
				8106FD83181A3DA700DBC5E9 /* Images.xcassets in Resources */,
				8106FE4C181B5BBB00DBC5E9 /* big6.png in Resources */,
				8106FDBB181A4C7400DBC5E9 /* PXChooseViewController.xib in Resources */,
				8106FE25181ACD4900DBC5E9 /* cardSelect@2x.png in Resources */,
				8106FE4B181B5BBB00DBC5E9 /* big5.png in Resources */,
				8106FE46181B5BBB00DBC5E9 /* big0.png in Resources */,
				8106FDD4181A551300DBC5E9 /* choose05m.png in Resources */,
				8106FE49181B5BBB00DBC5E9 /* big3.png in Resources */,
				8106FDED181A61A800DBC5E9 /* small3.png in Resources */,
				8106FDEA181A61A800DBC5E9 /* small0.png in Resources */,
				8106FE15181AAEFC00DBC5E9 /* raise.gif in Resources */,
				8106FDEC181A61A800DBC5E9 /* small2.png in Resources */,
				8106FE14181AAEFC00DBC5E9 /* hunter.gif in Resources */,
				8106FDB5181A46E200DBC5E9 /* mianButton2.png in Resources */,
				8106FDEE181A61A800DBC5E9 /* small4.png in Resources */,
				8106FDA3181A459B00DBC5E9 /* PXMianViewController.xib in Resources */,
				8106FDCE181A551300DBC5E9 /* choose02m.png in Resources */,
				8106FE48181B5BBB00DBC5E9 /* big2.png in Resources */,
				8106FE4D181B5BBB00DBC5E9 /* big7.png in Resources */,
				8106FE24181ACD4900DBC5E9 /* cardBack.png in Resources */,
				DBA6AB03181B608C00BF9664 /* 输入框.png in Resources */,
				8106FE0C181AA98600DBC5E9 /* PXStoryViewController.xib in Resources */,
				8106FDF0181A61A800DBC5E9 /* small6.png in Resources */,
				8106FE13181AAEFC00DBC5E9 /* cupid.gif in Resources */,
				8106FDB3181A46E200DBC5E9 /* mainBG.png in Resources */,
				8106FDD9181A551300DBC5E9 /* chooseAddS.png in Resources */,
				8106FDB6181A46E200DBC5E9 /* mianButton3.png in Resources */,
				8106FDDB181A551300DBC5E9 /* chooseMin.png in Resources */,
			);
			runOnlyForDeploymentPostprocessing = 0;
		};
		8106FD86181A3DA700DBC5E9 /* Resources */ = {
			isa = PBXResourcesBuildPhase;
			buildActionMask = 2147483647;
			files = (
				8106FD94181A3DA700DBC5E9 /* InfoPlist.strings in Resources */,
			);
			runOnlyForDeploymentPostprocessing = 0;
		};
/* End PBXResourcesBuildPhase section */

/* Begin PBXSourcesBuildPhase section */
		8106FD69181A3DA700DBC5E9 /* Sources */ = {
			isa = PBXSourcesBuildPhase;
			buildActionMask = 2147483647;
			files = (
				DBA6AB01181B56F600BF9664 /* PXTextInputViewController.m in Sources */,
				8106FDF7181A74A400DBC5E9 /* PXRoleManager.m in Sources */,
				8106FD81181A3DA700DBC5E9 /* PXAppDelegate.m in Sources */,
				8106FE3C181AE0F600DBC5E9 /* PXWitchViewController.m in Sources */,
				DBA6AAFB181B568B00BF9664 /* PXAlertView.m in Sources */,
				8106FE39181AE0E500DBC5E9 /* PXWolfViewController.m in Sources */,
				8106FE0B181AA98600DBC5E9 /* PXStoryViewController.m in Sources */,
				8106FE02181A9C9400DBC5E9 /* PXPlayersViewController.m in Sources */,
				8106FE33181ADF9300DBC5E9 /* PXGuardViewController.m in Sources */,
				8106FE36181AE0D500DBC5E9 /* PXPredictViewController.m in Sources */,
				8106FD7D181A3DA700DBC5E9 /* main.m in Sources */,
				8106FDFF181A925300DBC5E9 /* PXRole.m in Sources */,
				8106FE29181AD69300DBC5E9 /* PXCupidViewController.m in Sources */,
				8106FE21181ACA0000DBC5E9 /* CardDetailButton.m in Sources */,
				8106FDA2181A459B00DBC5E9 /* PXMianViewController.m in Sources */,
				8106FDBA181A4C7400DBC5E9 /* PXChooseViewController.m in Sources */,
				8106FE1D181AC3F000DBC5E9 /* PXFunctionViewController.m in Sources */,
				DBA6AAFE181B56D300BF9664 /* PXDataKeeper.m in Sources */,
			);
			runOnlyForDeploymentPostprocessing = 0;
		};
		8106FD84181A3DA700DBC5E9 /* Sources */ = {
			isa = PBXSourcesBuildPhase;
			buildActionMask = 2147483647;
			files = (
				8106FD96181A3DA700DBC5E9 /* WereWolfTests.m in Sources */,
			);
			runOnlyForDeploymentPostprocessing = 0;
		};
/* End PBXSourcesBuildPhase section */

/* Begin PBXTargetDependency section */
		8106FD8E181A3DA700DBC5E9 /* PBXTargetDependency */ = {
			isa = PBXTargetDependency;
			target = 8106FD6C181A3DA700DBC5E9 /* WereWolf */;
			targetProxy = 8106FD8D181A3DA700DBC5E9 /* PBXContainerItemProxy */;
		};
/* End PBXTargetDependency section */

/* Begin PBXVariantGroup section */
		8106FD79181A3DA700DBC5E9 /* InfoPlist.strings */ = {
			isa = PBXVariantGroup;
			children = (
				8106FD7A181A3DA700DBC5E9 /* en */,
			);
			name = InfoPlist.strings;
			sourceTree = "<group>";
		};
		8106FD92181A3DA700DBC5E9 /* InfoPlist.strings */ = {
			isa = PBXVariantGroup;
			children = (
				8106FD93181A3DA700DBC5E9 /* en */,
			);
			name = InfoPlist.strings;
			sourceTree = "<group>";
		};
/* End PBXVariantGroup section */

/* Begin XCBuildConfiguration section */
		8106FD97181A3DA700DBC5E9 /* Debug */ = {
			isa = XCBuildConfiguration;
			buildSettings = {
				ALWAYS_SEARCH_USER_PATHS = NO;
				ARCHS = "$(ARCHS_STANDARD_INCLUDING_64_BIT)";
				CLANG_CXX_LANGUAGE_STANDARD = "gnu++0x";
				CLANG_CXX_LIBRARY = "libc++";
				CLANG_ENABLE_MODULES = YES;
				CLANG_ENABLE_OBJC_ARC = YES;
				CLANG_WARN_BOOL_CONVERSION = YES;
				CLANG_WARN_CONSTANT_CONVERSION = YES;
				CLANG_WARN_DIRECT_OBJC_ISA_USAGE = YES_ERROR;
				CLANG_WARN_EMPTY_BODY = YES;
				CLANG_WARN_ENUM_CONVERSION = YES;
				CLANG_WARN_INT_CONVERSION = YES;
				CLANG_WARN_OBJC_ROOT_CLASS = YES_ERROR;
				CLANG_WARN__DUPLICATE_METHOD_MATCH = YES;
				"CODE_SIGN_IDENTITY[sdk=iphoneos*]" = "iPhone Developer";
				COPY_PHASE_STRIP = NO;
				GCC_C_LANGUAGE_STANDARD = gnu99;
				GCC_DYNAMIC_NO_PIC = NO;
				GCC_OPTIMIZATION_LEVEL = 0;
				GCC_PREPROCESSOR_DEFINITIONS = (
					"DEBUG=1",
					"$(inherited)",
				);
				GCC_SYMBOLS_PRIVATE_EXTERN = NO;
				GCC_WARN_64_TO_32_BIT_CONVERSION = YES;
				GCC_WARN_ABOUT_RETURN_TYPE = YES_ERROR;
				GCC_WARN_UNDECLARED_SELECTOR = YES;
				GCC_WARN_UNINITIALIZED_AUTOS = YES;
				GCC_WARN_UNUSED_FUNCTION = YES;
				GCC_WARN_UNUSED_VARIABLE = YES;
				IPHONEOS_DEPLOYMENT_TARGET = 7.0;
				ONLY_ACTIVE_ARCH = YES;
				SDKROOT = iphoneos;
			};
			name = Debug;
		};
		8106FD98181A3DA700DBC5E9 /* Release */ = {
			isa = XCBuildConfiguration;
			buildSettings = {
				ALWAYS_SEARCH_USER_PATHS = NO;
				ARCHS = "$(ARCHS_STANDARD_INCLUDING_64_BIT)";
				CLANG_CXX_LANGUAGE_STANDARD = "gnu++0x";
				CLANG_CXX_LIBRARY = "libc++";
				CLANG_ENABLE_MODULES = YES;
				CLANG_ENABLE_OBJC_ARC = YES;
				CLANG_WARN_BOOL_CONVERSION = YES;
				CLANG_WARN_CONSTANT_CONVERSION = YES;
				CLANG_WARN_DIRECT_OBJC_ISA_USAGE = YES_ERROR;
				CLANG_WARN_EMPTY_BODY = YES;
				CLANG_WARN_ENUM_CONVERSION = YES;
				CLANG_WARN_INT_CONVERSION = YES;
				CLANG_WARN_OBJC_ROOT_CLASS = YES_ERROR;
				CLANG_WARN__DUPLICATE_METHOD_MATCH = YES;
				"CODE_SIGN_IDENTITY[sdk=iphoneos*]" = "iPhone Developer";
				COPY_PHASE_STRIP = YES;
				ENABLE_NS_ASSERTIONS = NO;
				GCC_C_LANGUAGE_STANDARD = gnu99;
				GCC_WARN_64_TO_32_BIT_CONVERSION = YES;
				GCC_WARN_ABOUT_RETURN_TYPE = YES_ERROR;
				GCC_WARN_UNDECLARED_SELECTOR = YES;
				GCC_WARN_UNINITIALIZED_AUTOS = YES;
				GCC_WARN_UNUSED_FUNCTION = YES;
				GCC_WARN_UNUSED_VARIABLE = YES;
				IPHONEOS_DEPLOYMENT_TARGET = 7.0;
				SDKROOT = iphoneos;
				VALIDATE_PRODUCT = YES;
			};
			name = Release;
		};
		8106FD9A181A3DA700DBC5E9 /* Debug */ = {
			isa = XCBuildConfiguration;
			buildSettings = {
				ASSETCATALOG_COMPILER_APPICON_NAME = AppIcon;
				ASSETCATALOG_COMPILER_LAUNCHIMAGE_NAME = LaunchImage;
				GCC_PRECOMPILE_PREFIX_HEADER = YES;
				GCC_PREFIX_HEADER = "WereWolf/WereWolf-Prefix.pch";
				INFOPLIST_FILE = "WereWolf/WereWolf-Info.plist";
				PRODUCT_NAME = "$(TARGET_NAME)";
				WRAPPER_EXTENSION = app;
			};
			name = Debug;
		};
		8106FD9B181A3DA700DBC5E9 /* Release */ = {
			isa = XCBuildConfiguration;
			buildSettings = {
				ASSETCATALOG_COMPILER_APPICON_NAME = AppIcon;
				ASSETCATALOG_COMPILER_LAUNCHIMAGE_NAME = LaunchImage;
				GCC_PRECOMPILE_PREFIX_HEADER = YES;
				GCC_PREFIX_HEADER = "WereWolf/WereWolf-Prefix.pch";
				INFOPLIST_FILE = "WereWolf/WereWolf-Info.plist";
				PRODUCT_NAME = "$(TARGET_NAME)";
				WRAPPER_EXTENSION = app;
			};
			name = Release;
		};
		8106FD9D181A3DA700DBC5E9 /* Debug */ = {
			isa = XCBuildConfiguration;
			buildSettings = {
				ARCHS = "$(ARCHS_STANDARD_INCLUDING_64_BIT)";
				BUNDLE_LOADER = "$(BUILT_PRODUCTS_DIR)/WereWolf.app/WereWolf";
				FRAMEWORK_SEARCH_PATHS = (
					"$(SDKROOT)/Developer/Library/Frameworks",
					"$(inherited)",
					"$(DEVELOPER_FRAMEWORKS_DIR)",
				);
				GCC_PRECOMPILE_PREFIX_HEADER = YES;
				GCC_PREFIX_HEADER = "WereWolf/WereWolf-Prefix.pch";
				GCC_PREPROCESSOR_DEFINITIONS = (
					"DEBUG=1",
					"$(inherited)",
				);
				INFOPLIST_FILE = "WereWolfTests/WereWolfTests-Info.plist";
				PRODUCT_NAME = "$(TARGET_NAME)";
				TEST_HOST = "$(BUNDLE_LOADER)";
				WRAPPER_EXTENSION = xctest;
			};
			name = Debug;
		};
		8106FD9E181A3DA700DBC5E9 /* Release */ = {
			isa = XCBuildConfiguration;
			buildSettings = {
				ARCHS = "$(ARCHS_STANDARD_INCLUDING_64_BIT)";
				BUNDLE_LOADER = "$(BUILT_PRODUCTS_DIR)/WereWolf.app/WereWolf";
				FRAMEWORK_SEARCH_PATHS = (
					"$(SDKROOT)/Developer/Library/Frameworks",
					"$(inherited)",
					"$(DEVELOPER_FRAMEWORKS_DIR)",
				);
				GCC_PRECOMPILE_PREFIX_HEADER = YES;
				GCC_PREFIX_HEADER = "WereWolf/WereWolf-Prefix.pch";
				INFOPLIST_FILE = "WereWolfTests/WereWolfTests-Info.plist";
				PRODUCT_NAME = "$(TARGET_NAME)";
				TEST_HOST = "$(BUNDLE_LOADER)";
				WRAPPER_EXTENSION = xctest;
			};
			name = Release;
		};
/* End XCBuildConfiguration section */

/* Begin XCConfigurationList section */
		8106FD68181A3DA700DBC5E9 /* Build configuration list for PBXProject "WereWolf" */ = {
			isa = XCConfigurationList;
			buildConfigurations = (
				8106FD97181A3DA700DBC5E9 /* Debug */,
				8106FD98181A3DA700DBC5E9 /* Release */,
			);
			defaultConfigurationIsVisible = 0;
			defaultConfigurationName = Release;
		};
		8106FD99181A3DA700DBC5E9 /* Build configuration list for PBXNativeTarget "WereWolf" */ = {
			isa = XCConfigurationList;
			buildConfigurations = (
				8106FD9A181A3DA700DBC5E9 /* Debug */,
				8106FD9B181A3DA700DBC5E9 /* Release */,
			);
			defaultConfigurationIsVisible = 0;
			defaultConfigurationName = Release;
		};
		8106FD9C181A3DA700DBC5E9 /* Build configuration list for PBXNativeTarget "WereWolfTests" */ = {
			isa = XCConfigurationList;
			buildConfigurations = (
				8106FD9D181A3DA700DBC5E9 /* Debug */,
				8106FD9E181A3DA700DBC5E9 /* Release */,
			);
			defaultConfigurationIsVisible = 0;
			defaultConfigurationName = Release;
		};
/* End XCConfigurationList section */
	};
	rootObject = 8106FD65181A3DA700DBC5E9 /* Project object */;
}
